// !$*UTF8*$!
{
	archiveVersion = 1;
	classes = {
	};
	objectVersion = 50;
	objects = {

/* Begin PBXBuildFile section */
		18D10387BD6413701E4A4638 /* shared.framework in Frameworks */ = {isa = PBXBuildFile; fileRef = 7555FFB1242A642300829871 /* shared.framework */; };
		18D10999A101C93BFF688B5A /* CityPlacementView.swift in Sources */ = {isa = PBXBuildFile; fileRef = 18D1015819B157C935935D9D /* CityPlacementView.swift */; };
		7555FF7F242A565900829871 /* AppDelegate.swift in Sources */ = {isa = PBXBuildFile; fileRef = 7555FF7E242A565900829871 /* AppDelegate.swift */; };
		7555FF81242A565900829871 /* SceneDelegate.swift in Sources */ = {isa = PBXBuildFile; fileRef = 7555FF80242A565900829871 /* SceneDelegate.swift */; };
		7555FF83242A565900829871 /* ContentView.swift in Sources */ = {isa = PBXBuildFile; fileRef = 7555FF82242A565900829871 /* ContentView.swift */; };
		7555FF85242A565B00829871 /* Assets.xcassets in Resources */ = {isa = PBXBuildFile; fileRef = 7555FF84242A565B00829871 /* Assets.xcassets */; };
		7555FF88242A565B00829871 /* Preview Assets.xcassets in Resources */ = {isa = PBXBuildFile; fileRef = 7555FF87242A565B00829871 /* Preview Assets.xcassets */; };
		7555FF8B242A565B00829871 /* LaunchScreen.storyboard in Resources */ = {isa = PBXBuildFile; fileRef = 7555FF89242A565B00829871 /* LaunchScreen.storyboard */; };
		7555FF96242A565B00829871 /* iosAppTests.swift in Sources */ = {isa = PBXBuildFile; fileRef = 7555FF95242A565B00829871 /* iosAppTests.swift */; };
		7555FFA1242A565B00829871 /* iosAppUITests.swift in Sources */ = {isa = PBXBuildFile; fileRef = 7555FFA0242A565B00829871 /* iosAppUITests.swift */; };
		7555FFB2242A642300829871 /* shared.framework in Frameworks */ = {isa = PBXBuildFile; fileRef = 7555FFB1242A642300829871 /* shared.framework */; };
		7555FFB3242A642300829871 /* shared.framework in Embed Frameworks */ = {isa = PBXBuildFile; fileRef = 7555FFB1242A642300829871 /* shared.framework */; settings = {ATTRIBUTES = (CodeSignOnCopy, RemoveHeadersOnCopy, ); }; };
		AA1FB45C25EFD65C00CCAB31 /* WorkerActionHomePage.swift in Sources */ = {isa = PBXBuildFile; fileRef = AA1FB45B25EFD65C00CCAB31 /* WorkerActionHomePage.swift */; };
		AA1FB46525F001DD00CCAB31 /* LevelRow.swift in Sources */ = {isa = PBXBuildFile; fileRef = AA1FB46425F001DD00CCAB31 /* LevelRow.swift */; };
		AA28268925F26F1700BFE242 /* QuizHomePage.swift in Sources */ = {isa = PBXBuildFile; fileRef = AA28268825F26F1700BFE242 /* QuizHomePage.swift */; };
		AA28268D25F26F8600BFE242 /* LevelList.swift in Sources */ = {isa = PBXBuildFile; fileRef = AA28268C25F26F8600BFE242 /* LevelList.swift */; };
		AA28269125F2748700BFE242 /* Levels.swift in Sources */ = {isa = PBXBuildFile; fileRef = AA28269025F2748700BFE242 /* Levels.swift */; };
		AA28269525F278EE00BFE242 /* CityPlacementHomePage.swift in Sources */ = {isa = PBXBuildFile; fileRef = AA28269425F278EE00BFE242 /* CityPlacementHomePage.swift */; };
		AA5332BA2573DD630084921A /* Extensions.swift in Sources */ = {isa = PBXBuildFile; fileRef = AA5332B92573DD630084921A /* Extensions.swift */; };
		AA66756825EF9AFD00899741 /* WorkerActionPuzzlePage.swift in Sources */ = {isa = PBXBuildFile; fileRef = AA66756725EF9AFD00899741 /* WorkerActionPuzzlePage.swift */; };
		AA66756E25EF9B5D00899741 /* WorkerActionButtonGroup.swift in Sources */ = {isa = PBXBuildFile; fileRef = AA66756D25EF9B5D00899741 /* WorkerActionButtonGroup.swift */; };
		AA66757425EF9B8D00899741 /* WorkerActionButton.swift in Sources */ = {isa = PBXBuildFile; fileRef = AA66757325EF9B8D00899741 /* WorkerActionButton.swift */; };
		AA66758025EF9C4700899741 /* PuzzleChoiceSummaryView.swift in Sources */ = {isa = PBXBuildFile; fileRef = AA66757F25EF9C4700899741 /* PuzzleChoiceSummaryView.swift */; };
		AA68A425258AAC68007C030D /* HomeView.swift in Sources */ = {isa = PBXBuildFile; fileRef = AA68A424258AAC68007C030D /* HomeView.swift */; };
		AA68A429258AACD1007C030D /* HomeListItem.swift in Sources */ = {isa = PBXBuildFile; fileRef = AA68A428258AACD1007C030D /* HomeListItem.swift */; };
		AA744CBB25A506AA0062E039 /* QuizView.swift in Sources */ = {isa = PBXBuildFile; fileRef = AA744CBA25A506AA0062E039 /* QuizView.swift */; };
		AA744CC625A5124A0062E039 /* RadioButton.swift in Sources */ = {isa = PBXBuildFile; fileRef = AA744CC525A5124A0062E039 /* RadioButton.swift */; };
		AA744CCE25A512630062E039 /* RadioGroup.swift in Sources */ = {isa = PBXBuildFile; fileRef = AA744CCD25A512630062E039 /* RadioGroup.swift */; };
		AA744CD325A518FE0062E039 /* Interop.swift in Sources */ = {isa = PBXBuildFile; fileRef = AA744CD225A518FE0062E039 /* Interop.swift */; };
		AA8E69A925DAF26E00C36E28 /* VHStack.swift in Sources */ = {isa = PBXBuildFile; fileRef = AA8E69A825DAF26E00C36E28 /* VHStack.swift */; };
		AA8E69AF25DBBC5A00C36E28 /* CombatGamePage.swift in Sources */ = {isa = PBXBuildFile; fileRef = AA8E69AE25DBBC5A00C36E28 /* CombatGamePage.swift */; };
		AA913DDD263209BC002B427F /* HelpPage.swift in Sources */ = {isa = PBXBuildFile; fileRef = AA913DDC263209BC002B427F /* HelpPage.swift */; };
		AA9E944825DC54FF00CE9A7A /* HPView.swift in Sources */ = {isa = PBXBuildFile; fileRef = AA9E944725DC54FF00CE9A7A /* HPView.swift */; };
		AAB584B9257EA8870068D817 /* TileOutputBreakdown.swift in Sources */ = {isa = PBXBuildFile; fileRef = AAB584B8257EA8870068D817 /* TileOutputBreakdown.swift */; };
		AAD7E4D1257EF3C400838529 /* TileOutputSummary.swift in Sources */ = {isa = PBXBuildFile; fileRef = AAD7E4D0257EF3C400838529 /* TileOutputSummary.swift */; };
		AAE7658625D89CF7000C3447 /* CombatGameView.swift in Sources */ = {isa = PBXBuildFile; fileRef = AAE7658525D89CF7000C3447 /* CombatGameView.swift */; };
		AAE7658C25D9DF40000C3447 /* CombatUnitView.swift in Sources */ = {isa = PBXBuildFile; fileRef = AAE7658B25D9DF40000C3447 /* CombatUnitView.swift */; };
		AAFDAD9F257A84F70000B6D7 /* MapView.swift in Sources */ = {isa = PBXBuildFile; fileRef = AAFDAD9E257A84F70000B6D7 /* MapView.swift */; };
/* End PBXBuildFile section */

/* Begin PBXContainerItemProxy section */
		7555FF92242A565B00829871 /* PBXContainerItemProxy */ = {
			isa = PBXContainerItemProxy;
			containerPortal = 7555FF73242A565900829871 /* Project object */;
			proxyType = 1;
			remoteGlobalIDString = 7555FF7A242A565900829871;
			remoteInfo = iosApp;
		};
		7555FF9D242A565B00829871 /* PBXContainerItemProxy */ = {
			isa = PBXContainerItemProxy;
			containerPortal = 7555FF73242A565900829871 /* Project object */;
			proxyType = 1;
			remoteGlobalIDString = 7555FF7A242A565900829871;
			remoteInfo = iosApp;
		};
/* End PBXContainerItemProxy section */

/* Begin PBXCopyFilesBuildPhase section */
		7555FFB4242A642300829871 /* Embed Frameworks */ = {
			isa = PBXCopyFilesBuildPhase;
			buildActionMask = 2147483647;
			dstPath = "";
			dstSubfolderSpec = 10;
			files = (
				7555FFB3242A642300829871 /* shared.framework in Embed Frameworks */,
			);
			name = "Embed Frameworks";
			runOnlyForDeploymentPostprocessing = 0;
		};
/* End PBXCopyFilesBuildPhase section */

/* Begin PBXFileReference section */
		18D1015819B157C935935D9D /* CityPlacementView.swift */ = {isa = PBXFileReference; fileEncoding = 4; lastKnownFileType = sourcecode.swift; path = CityPlacementView.swift; sourceTree = "<group>"; };
		7555FF7B242A565900829871 /* Sidvisor.app */ = {isa = PBXFileReference; explicitFileType = wrapper.application; includeInIndex = 0; path = Sidvisor.app; sourceTree = BUILT_PRODUCTS_DIR; };
		7555FF7E242A565900829871 /* AppDelegate.swift */ = {isa = PBXFileReference; lastKnownFileType = sourcecode.swift; path = AppDelegate.swift; sourceTree = "<group>"; };
		7555FF80242A565900829871 /* SceneDelegate.swift */ = {isa = PBXFileReference; lastKnownFileType = sourcecode.swift; path = SceneDelegate.swift; sourceTree = "<group>"; };
		7555FF82242A565900829871 /* ContentView.swift */ = {isa = PBXFileReference; lastKnownFileType = sourcecode.swift; path = ContentView.swift; sourceTree = "<group>"; };
		7555FF84242A565B00829871 /* Assets.xcassets */ = {isa = PBXFileReference; lastKnownFileType = folder.assetcatalog; path = Assets.xcassets; sourceTree = "<group>"; };
		7555FF87242A565B00829871 /* Preview Assets.xcassets */ = {isa = PBXFileReference; lastKnownFileType = folder.assetcatalog; path = "Preview Assets.xcassets"; sourceTree = "<group>"; };
		7555FF8A242A565B00829871 /* Base */ = {isa = PBXFileReference; lastKnownFileType = file.storyboard; name = Base; path = Base.lproj/LaunchScreen.storyboard; sourceTree = "<group>"; };
		7555FF8C242A565B00829871 /* Info.plist */ = {isa = PBXFileReference; lastKnownFileType = text.plist.xml; path = Info.plist; sourceTree = "<group>"; };
		7555FF91242A565B00829871 /* civ3guideTests.xctest */ = {isa = PBXFileReference; explicitFileType = wrapper.cfbundle; includeInIndex = 0; path = civ3guideTests.xctest; sourceTree = BUILT_PRODUCTS_DIR; };
		7555FF95242A565B00829871 /* iosAppTests.swift */ = {isa = PBXFileReference; lastKnownFileType = sourcecode.swift; path = iosAppTests.swift; sourceTree = "<group>"; };
		7555FF97242A565B00829871 /* Info.plist */ = {isa = PBXFileReference; lastKnownFileType = text.plist.xml; path = Info.plist; sourceTree = "<group>"; };
		7555FF9C242A565B00829871 /* civ3guideUITests.xctest */ = {isa = PBXFileReference; explicitFileType = wrapper.cfbundle; includeInIndex = 0; path = civ3guideUITests.xctest; sourceTree = BUILT_PRODUCTS_DIR; };
		7555FFA0242A565B00829871 /* iosAppUITests.swift */ = {isa = PBXFileReference; lastKnownFileType = sourcecode.swift; path = iosAppUITests.swift; sourceTree = "<group>"; };
		7555FFA2242A565B00829871 /* Info.plist */ = {isa = PBXFileReference; lastKnownFileType = text.plist.xml; path = Info.plist; sourceTree = "<group>"; };
		7555FFB1242A642300829871 /* shared.framework */ = {isa = PBXFileReference; lastKnownFileType = wrapper.framework; name = shared.framework; path = "../shared/build/xcode-frameworks/shared.framework"; sourceTree = "<group>"; };
		AA1FB45B25EFD65C00CCAB31 /* WorkerActionHomePage.swift */ = {isa = PBXFileReference; lastKnownFileType = sourcecode.swift; path = WorkerActionHomePage.swift; sourceTree = "<group>"; };
		AA1FB46425F001DD00CCAB31 /* LevelRow.swift */ = {isa = PBXFileReference; lastKnownFileType = sourcecode.swift; path = LevelRow.swift; sourceTree = "<group>"; };
		AA24EAE0262B54B10057EC08 /* Civ III Wizard copy-Info.plist */ = {isa = PBXFileReference; lastKnownFileType = text.plist.xml; name = "Civ III Wizard copy-Info.plist"; path = "/Users/stevenkideckel/Documents/Multiplatform/Civ3Guide/iosApp/Civ III Wizard copy-Info.plist"; sourceTree = "<absolute>"; };
		AA28268825F26F1700BFE242 /* QuizHomePage.swift */ = {isa = PBXFileReference; lastKnownFileType = sourcecode.swift; path = QuizHomePage.swift; sourceTree = "<group>"; };
		AA28268C25F26F8600BFE242 /* LevelList.swift */ = {isa = PBXFileReference; lastKnownFileType = sourcecode.swift; path = LevelList.swift; sourceTree = "<group>"; };
		AA28269025F2748700BFE242 /* Levels.swift */ = {isa = PBXFileReference; lastKnownFileType = sourcecode.swift; path = Levels.swift; sourceTree = "<group>"; };
		AA28269425F278EE00BFE242 /* CityPlacementHomePage.swift */ = {isa = PBXFileReference; lastKnownFileType = sourcecode.swift; path = CityPlacementHomePage.swift; sourceTree = "<group>"; };
		AA5332B92573DD630084921A /* Extensions.swift */ = {isa = PBXFileReference; lastKnownFileType = sourcecode.swift; path = Extensions.swift; sourceTree = "<group>"; };
		AA66756725EF9AFD00899741 /* WorkerActionPuzzlePage.swift */ = {isa = PBXFileReference; lastKnownFileType = sourcecode.swift; path = WorkerActionPuzzlePage.swift; sourceTree = "<group>"; };
		AA66756D25EF9B5D00899741 /* WorkerActionButtonGroup.swift */ = {isa = PBXFileReference; lastKnownFileType = sourcecode.swift; path = WorkerActionButtonGroup.swift; sourceTree = "<group>"; };
		AA66757325EF9B8D00899741 /* WorkerActionButton.swift */ = {isa = PBXFileReference; lastKnownFileType = sourcecode.swift; path = WorkerActionButton.swift; sourceTree = "<group>"; };
		AA66757F25EF9C4700899741 /* PuzzleChoiceSummaryView.swift */ = {isa = PBXFileReference; lastKnownFileType = sourcecode.swift; path = PuzzleChoiceSummaryView.swift; sourceTree = "<group>"; };
		AA68A424258AAC68007C030D /* HomeView.swift */ = {isa = PBXFileReference; lastKnownFileType = sourcecode.swift; path = HomeView.swift; sourceTree = "<group>"; };
		AA68A428258AACD1007C030D /* HomeListItem.swift */ = {isa = PBXFileReference; lastKnownFileType = sourcecode.swift; path = HomeListItem.swift; sourceTree = "<group>"; };
		AA744CBA25A506AA0062E039 /* QuizView.swift */ = {isa = PBXFileReference; lastKnownFileType = sourcecode.swift; path = QuizView.swift; sourceTree = "<group>"; };
		AA744CC525A5124A0062E039 /* RadioButton.swift */ = {isa = PBXFileReference; lastKnownFileType = sourcecode.swift; path = RadioButton.swift; sourceTree = "<group>"; };
		AA744CCD25A512630062E039 /* RadioGroup.swift */ = {isa = PBXFileReference; lastKnownFileType = sourcecode.swift; path = RadioGroup.swift; sourceTree = "<group>"; };
		AA744CD225A518FE0062E039 /* Interop.swift */ = {isa = PBXFileReference; lastKnownFileType = sourcecode.swift; path = Interop.swift; sourceTree = "<group>"; };
		AA8E69A825DAF26E00C36E28 /* VHStack.swift */ = {isa = PBXFileReference; lastKnownFileType = sourcecode.swift; path = VHStack.swift; sourceTree = "<group>"; };
		AA8E69AE25DBBC5A00C36E28 /* CombatGamePage.swift */ = {isa = PBXFileReference; lastKnownFileType = sourcecode.swift; path = CombatGamePage.swift; sourceTree = "<group>"; };
		AA913DDC263209BC002B427F /* HelpPage.swift */ = {isa = PBXFileReference; lastKnownFileType = sourcecode.swift; path = HelpPage.swift; sourceTree = "<group>"; };
		AA9E944725DC54FF00CE9A7A /* HPView.swift */ = {isa = PBXFileReference; lastKnownFileType = sourcecode.swift; path = HPView.swift; sourceTree = "<group>"; };
		AAB584B8257EA8870068D817 /* TileOutputBreakdown.swift */ = {isa = PBXFileReference; lastKnownFileType = sourcecode.swift; path = TileOutputBreakdown.swift; sourceTree = "<group>"; };
		AAD7E4D0257EF3C400838529 /* TileOutputSummary.swift */ = {isa = PBXFileReference; lastKnownFileType = sourcecode.swift; path = TileOutputSummary.swift; sourceTree = "<group>"; };
		AAE7658525D89CF7000C3447 /* CombatGameView.swift */ = {isa = PBXFileReference; lastKnownFileType = sourcecode.swift; path = CombatGameView.swift; sourceTree = "<group>"; };
		AAE7658B25D9DF40000C3447 /* CombatUnitView.swift */ = {isa = PBXFileReference; lastKnownFileType = sourcecode.swift; path = CombatUnitView.swift; sourceTree = "<group>"; };
		AAFDAD9E257A84F70000B6D7 /* MapView.swift */ = {isa = PBXFileReference; lastKnownFileType = sourcecode.swift; path = MapView.swift; sourceTree = "<group>"; };
/* End PBXFileReference section */

/* Begin PBXFrameworksBuildPhase section */
		7555FF78242A565900829871 /* Frameworks */ = {
			isa = PBXFrameworksBuildPhase;
			buildActionMask = 2147483647;
			files = (
				7555FFB2242A642300829871 /* shared.framework in Frameworks */,
				18D10387BD6413701E4A4638 /* shared.framework in Frameworks */,
			);
			runOnlyForDeploymentPostprocessing = 0;
		};
		7555FF8E242A565B00829871 /* Frameworks */ = {
			isa = PBXFrameworksBuildPhase;
			buildActionMask = 2147483647;
			files = (
			);
			runOnlyForDeploymentPostprocessing = 0;
		};
		7555FF99242A565B00829871 /* Frameworks */ = {
			isa = PBXFrameworksBuildPhase;
			buildActionMask = 2147483647;
			files = (
			);
			runOnlyForDeploymentPostprocessing = 0;
		};
/* End PBXFrameworksBuildPhase section */

/* Begin PBXGroup section */
		18D1023F706EDE1A7D2F420E /* cityplacement */ = {
			isa = PBXGroup;
			children = (
				18D1015819B157C935935D9D /* CityPlacementView.swift */,
				AA28269425F278EE00BFE242 /* CityPlacementHomePage.swift */,
			);
			path = cityplacement;
			sourceTree = "<group>";
		};
		7555FF72242A565900829871 = {
			isa = PBXGroup;
			children = (
				7555FF7D242A565900829871 /* iosApp */,
				7555FF94242A565B00829871 /* iosAppTests */,
				7555FF9F242A565B00829871 /* iosAppUITests */,
				7555FF7C242A565900829871 /* Products */,
				7555FFB0242A642200829871 /* Frameworks */,
				AA24EAE0262B54B10057EC08 /* Civ III Wizard copy-Info.plist */,
			);
			sourceTree = "<group>";
		};
		7555FF7C242A565900829871 /* Products */ = {
			isa = PBXGroup;
			children = (
				7555FF7B242A565900829871 /* Sidvisor.app */,
				7555FF91242A565B00829871 /* civ3guideTests.xctest */,
				7555FF9C242A565B00829871 /* civ3guideUITests.xctest */,
			);
			name = Products;
			sourceTree = "<group>";
		};
		7555FF7D242A565900829871 /* iosApp */ = {
			isa = PBXGroup;
			children = (
				AA1FB46325F001CD00CCAB31 /* level */,
				AA66756625EF9AE000899741 /* workeraction */,
				AAE7658425D89CA1000C3447 /* combat */,
				AA744CD125A518F30062E039 /* interop */,
				AA744CC425A5123D0062E039 /* view */,
				AA744CB325A5040F0062E039 /* quiz */,
				AAB584B8257EA8870068D817 /* TileOutputBreakdown.swift */,
				AAFDAD9E257A84F70000B6D7 /* MapView.swift */,
				7555FF7E242A565900829871 /* AppDelegate.swift */,
				7555FF80242A565900829871 /* SceneDelegate.swift */,
				7555FF82242A565900829871 /* ContentView.swift */,
				7555FF84242A565B00829871 /* Assets.xcassets */,
				7555FF89242A565B00829871 /* LaunchScreen.storyboard */,
				7555FF8C242A565B00829871 /* Info.plist */,
				7555FF86242A565B00829871 /* Preview Content */,
				AA5332B92573DD630084921A /* Extensions.swift */,
				AAD7E4D0257EF3C400838529 /* TileOutputSummary.swift */,
				AA68A424258AAC68007C030D /* HomeView.swift */,
				AA68A428258AACD1007C030D /* HomeListItem.swift */,
				18D1023F706EDE1A7D2F420E /* cityplacement */,
			);
			path = iosApp;
			sourceTree = "<group>";
		};
		7555FF86242A565B00829871 /* Preview Content */ = {
			isa = PBXGroup;
			children = (
				7555FF87242A565B00829871 /* Preview Assets.xcassets */,
			);
			path = "Preview Content";
			sourceTree = "<group>";
		};
		7555FF94242A565B00829871 /* iosAppTests */ = {
			isa = PBXGroup;
			children = (
				7555FF95242A565B00829871 /* iosAppTests.swift */,
				7555FF97242A565B00829871 /* Info.plist */,
			);
			path = iosAppTests;
			sourceTree = "<group>";
		};
		7555FF9F242A565B00829871 /* iosAppUITests */ = {
			isa = PBXGroup;
			children = (
				7555FFA0242A565B00829871 /* iosAppUITests.swift */,
				7555FFA2242A565B00829871 /* Info.plist */,
			);
			path = iosAppUITests;
			sourceTree = "<group>";
		};
		7555FFB0242A642200829871 /* Frameworks */ = {
			isa = PBXGroup;
			children = (
				7555FFB1242A642300829871 /* shared.framework */,
			);
			name = Frameworks;
			sourceTree = "<group>";
		};
		AA1FB46325F001CD00CCAB31 /* level */ = {
			isa = PBXGroup;
			children = (
				AA1FB46425F001DD00CCAB31 /* LevelRow.swift */,
				AA28268C25F26F8600BFE242 /* LevelList.swift */,
				AA28269025F2748700BFE242 /* Levels.swift */,
			);
			path = level;
			sourceTree = "<group>";
		};
		AA66756625EF9AE000899741 /* workeraction */ = {
			isa = PBXGroup;
			children = (
				AA66756725EF9AFD00899741 /* WorkerActionPuzzlePage.swift */,
				AA66756D25EF9B5D00899741 /* WorkerActionButtonGroup.swift */,
				AA66757325EF9B8D00899741 /* WorkerActionButton.swift */,
				AA66757F25EF9C4700899741 /* PuzzleChoiceSummaryView.swift */,
				AA1FB45B25EFD65C00CCAB31 /* WorkerActionHomePage.swift */,
			);
			path = workeraction;
			sourceTree = "<group>";
		};
		AA744CB325A5040F0062E039 /* quiz */ = {
			isa = PBXGroup;
			children = (
				AA744CBA25A506AA0062E039 /* QuizView.swift */,
				AA28268825F26F1700BFE242 /* QuizHomePage.swift */,
			);
			path = quiz;
			sourceTree = "<group>";
		};
		AA744CC425A5123D0062E039 /* view */ = {
			isa = PBXGroup;
			children = (
				AA744CC525A5124A0062E039 /* RadioButton.swift */,
				AA744CCD25A512630062E039 /* RadioGroup.swift */,
				AA8E69A825DAF26E00C36E28 /* VHStack.swift */,
				AA913DDC263209BC002B427F /* HelpPage.swift */,
			);
			path = view;
			sourceTree = "<group>";
		};
		AA744CD125A518F30062E039 /* interop */ = {
			isa = PBXGroup;
			children = (
				AA744CD225A518FE0062E039 /* Interop.swift */,
			);
			path = interop;
			sourceTree = "<group>";
		};
		AAE7658425D89CA1000C3447 /* combat */ = {
			isa = PBXGroup;
			children = (
				AAE7658525D89CF7000C3447 /* CombatGameView.swift */,
				AAE7658B25D9DF40000C3447 /* CombatUnitView.swift */,
				AA8E69AE25DBBC5A00C36E28 /* CombatGamePage.swift */,
				AA9E944725DC54FF00CE9A7A /* HPView.swift */,
			);
			path = combat;
			sourceTree = "<group>";
		};
/* End PBXGroup section */

/* Begin PBXNativeTarget section */
		7555FF7A242A565900829871 /* Sidvisor */ = {
			isa = PBXNativeTarget;
			buildConfigurationList = 7555FFA5242A565B00829871 /* Build configuration list for PBXNativeTarget "Sidvisor" */;
			buildPhases = (
				7555FFB5242A651A00829871 /* ShellScript */,
				7555FF77242A565900829871 /* Sources */,
				7555FF78242A565900829871 /* Frameworks */,
				7555FF79242A565900829871 /* Resources */,
				7555FFB4242A642300829871 /* Embed Frameworks */,
			);
			buildRules = (
			);
			dependencies = (
			);
			name = Sidvisor;
			productName = iosApp;
			productReference = 7555FF7B242A565900829871 /* Sidvisor.app */;
			productType = "com.apple.product-type.application";
		};
		7555FF90242A565B00829871 /* civ3guideTests */ = {
			isa = PBXNativeTarget;
			buildConfigurationList = 7555FFA8242A565B00829871 /* Build configuration list for PBXNativeTarget "civ3guideTests" */;
			buildPhases = (
				7555FF8D242A565B00829871 /* Sources */,
				7555FF8E242A565B00829871 /* Frameworks */,
				7555FF8F242A565B00829871 /* Resources */,
			);
			buildRules = (
			);
			dependencies = (
				7555FF93242A565B00829871 /* PBXTargetDependency */,
			);
			name = civ3guideTests;
			productName = iosAppTests;
			productReference = 7555FF91242A565B00829871 /* civ3guideTests.xctest */;
			productType = "com.apple.product-type.bundle.unit-test";
		};
		7555FF9B242A565B00829871 /* civ3guideUITests */ = {
			isa = PBXNativeTarget;
			buildConfigurationList = 7555FFAB242A565B00829871 /* Build configuration list for PBXNativeTarget "civ3guideUITests" */;
			buildPhases = (
				7555FF98242A565B00829871 /* Sources */,
				7555FF99242A565B00829871 /* Frameworks */,
				7555FF9A242A565B00829871 /* Resources */,
			);
			buildRules = (
			);
			dependencies = (
				7555FF9E242A565B00829871 /* PBXTargetDependency */,
			);
			name = civ3guideUITests;
			productName = iosAppUITests;
			productReference = 7555FF9C242A565B00829871 /* civ3guideUITests.xctest */;
			productType = "com.apple.product-type.bundle.ui-testing";
		};
/* End PBXNativeTarget section */

/* Begin PBXProject section */
		7555FF73242A565900829871 /* Project object */ = {
			isa = PBXProject;
			attributes = {
				LastSwiftUpdateCheck = 1130;
				LastUpgradeCheck = 1130;
				ORGANIZATIONNAME = orgName;
				TargetAttributes = {
					7555FF7A242A565900829871 = {
						CreatedOnToolsVersion = 11.3.1;
					};
					7555FF90242A565B00829871 = {
						CreatedOnToolsVersion = 11.3.1;
						TestTargetID = 7555FF7A242A565900829871;
					};
					7555FF9B242A565B00829871 = {
						CreatedOnToolsVersion = 11.3.1;
						TestTargetID = 7555FF7A242A565900829871;
					};
				};
			};
			buildConfigurationList = 7555FF76242A565900829871 /* Build configuration list for PBXProject "civ3guide" */;
			compatibilityVersion = "Xcode 9.3";
			developmentRegion = en;
			hasScannedForEncodings = 0;
			knownRegions = (
				en,
				Base,
			);
			mainGroup = 7555FF72242A565900829871;
			productRefGroup = 7555FF7C242A565900829871 /* Products */;
			projectDirPath = "";
			projectRoot = "";
			targets = (
				7555FF7A242A565900829871 /* Sidvisor */,
				7555FF90242A565B00829871 /* civ3guideTests */,
				7555FF9B242A565B00829871 /* civ3guideUITests */,
			);
		};
/* End PBXProject section */

/* Begin PBXResourcesBuildPhase section */
		7555FF79242A565900829871 /* Resources */ = {
			isa = PBXResourcesBuildPhase;
			buildActionMask = 2147483647;
			files = (
				7555FF8B242A565B00829871 /* LaunchScreen.storyboard in Resources */,
				7555FF88242A565B00829871 /* Preview Assets.xcassets in Resources */,
				7555FF85242A565B00829871 /* Assets.xcassets in Resources */,
			);
			runOnlyForDeploymentPostprocessing = 0;
		};
		7555FF8F242A565B00829871 /* Resources */ = {
			isa = PBXResourcesBuildPhase;
			buildActionMask = 2147483647;
			files = (
			);
			runOnlyForDeploymentPostprocessing = 0;
		};
		7555FF9A242A565B00829871 /* Resources */ = {
			isa = PBXResourcesBuildPhase;
			buildActionMask = 2147483647;
			files = (
			);
			runOnlyForDeploymentPostprocessing = 0;
		};
/* End PBXResourcesBuildPhase section */

/* Begin PBXShellScriptBuildPhase section */
		7555FFB5242A651A00829871 /* ShellScript */ = {
			isa = PBXShellScriptBuildPhase;
			buildActionMask = 2147483647;
			files = (
			);
			inputFileListPaths = (
			);
			inputPaths = (
			);
			outputFileListPaths = (
			);
			outputPaths = (
			);
			runOnlyForDeploymentPostprocessing = 0;
			shellPath = /bin/sh;
			shellScript = "cd \"$SRCROOT/..\"\n./gradlew :shared:packForXCode -PXCODE_CONFIGURATION=${CONFIGURATION}\n";
		};
/* End PBXShellScriptBuildPhase section */

/* Begin PBXSourcesBuildPhase section */
		7555FF77242A565900829871 /* Sources */ = {
			isa = PBXSourcesBuildPhase;
			buildActionMask = 2147483647;
			files = (
				AA28269525F278EE00BFE242 /* CityPlacementHomePage.swift in Sources */,
				AA5332BA2573DD630084921A /* Extensions.swift in Sources */,
				AA9E944825DC54FF00CE9A7A /* HPView.swift in Sources */,
				AA744CBB25A506AA0062E039 /* QuizView.swift in Sources */,
				AA68A425258AAC68007C030D /* HomeView.swift in Sources */,
				AA68A429258AACD1007C030D /* HomeListItem.swift in Sources */,
				AA28268D25F26F8600BFE242 /* LevelList.swift in Sources */,
				AAD7E4D1257EF3C400838529 /* TileOutputSummary.swift in Sources */,
				AA28268925F26F1700BFE242 /* QuizHomePage.swift in Sources */,
				7555FF7F242A565900829871 /* AppDelegate.swift in Sources */,
				AA28269125F2748700BFE242 /* Levels.swift in Sources */,
				AAB584B9257EA8870068D817 /* TileOutputBreakdown.swift in Sources */,
				AA66758025EF9C4700899741 /* PuzzleChoiceSummaryView.swift in Sources */,
				AA66757425EF9B8D00899741 /* WorkerActionButton.swift in Sources */,
				AA744CCE25A512630062E039 /* RadioGroup.swift in Sources */,
				AA744CC625A5124A0062E039 /* RadioButton.swift in Sources */,
				AAE7658C25D9DF40000C3447 /* CombatUnitView.swift in Sources */,
				AA744CD325A518FE0062E039 /* Interop.swift in Sources */,
				AA66756E25EF9B5D00899741 /* WorkerActionButtonGroup.swift in Sources */,
				AAE7658625D89CF7000C3447 /* CombatGameView.swift in Sources */,
				AA8E69A925DAF26E00C36E28 /* VHStack.swift in Sources */,
				AA66756825EF9AFD00899741 /* WorkerActionPuzzlePage.swift in Sources */,
				7555FF81242A565900829871 /* SceneDelegate.swift in Sources */,
				7555FF83242A565900829871 /* ContentView.swift in Sources */,
				AA913DDD263209BC002B427F /* HelpPage.swift in Sources */,
				AAFDAD9F257A84F70000B6D7 /* MapView.swift in Sources */,
				AA1FB45C25EFD65C00CCAB31 /* WorkerActionHomePage.swift in Sources */,
				AA1FB46525F001DD00CCAB31 /* LevelRow.swift in Sources */,
				18D10999A101C93BFF688B5A /* CityPlacementView.swift in Sources */,
				AA8E69AF25DBBC5A00C36E28 /* CombatGamePage.swift in Sources */,
			);
			runOnlyForDeploymentPostprocessing = 0;
		};
		7555FF8D242A565B00829871 /* Sources */ = {
			isa = PBXSourcesBuildPhase;
			buildActionMask = 2147483647;
			files = (
				7555FF96242A565B00829871 /* iosAppTests.swift in Sources */,
			);
			runOnlyForDeploymentPostprocessing = 0;
		};
		7555FF98242A565B00829871 /* Sources */ = {
			isa = PBXSourcesBuildPhase;
			buildActionMask = 2147483647;
			files = (
				7555FFA1242A565B00829871 /* iosAppUITests.swift in Sources */,
			);
			runOnlyForDeploymentPostprocessing = 0;
		};
/* End PBXSourcesBuildPhase section */

/* Begin PBXTargetDependency section */
		7555FF93242A565B00829871 /* PBXTargetDependency */ = {
			isa = PBXTargetDependency;
			target = 7555FF7A242A565900829871 /* Sidvisor */;
			targetProxy = 7555FF92242A565B00829871 /* PBXContainerItemProxy */;
		};
		7555FF9E242A565B00829871 /* PBXTargetDependency */ = {
			isa = PBXTargetDependency;
			target = 7555FF7A242A565900829871 /* Sidvisor */;
			targetProxy = 7555FF9D242A565B00829871 /* PBXContainerItemProxy */;
		};
/* End PBXTargetDependency section */

/* Begin PBXVariantGroup section */
		7555FF89242A565B00829871 /* LaunchScreen.storyboard */ = {
			isa = PBXVariantGroup;
			children = (
				7555FF8A242A565B00829871 /* Base */,
			);
			name = LaunchScreen.storyboard;
			sourceTree = "<group>";
		};
/* End PBXVariantGroup section */

/* Begin XCBuildConfiguration section */
		7555FFA3242A565B00829871 /* Debug */ = {
			isa = XCBuildConfiguration;
			buildSettings = {
				ALWAYS_SEARCH_USER_PATHS = NO;
				CLANG_ANALYZER_NONNULL = YES;
				CLANG_ANALYZER_NUMBER_OBJECT_CONVERSION = YES_AGGRESSIVE;
				CLANG_CXX_LANGUAGE_STANDARD = "gnu++14";
				CLANG_CXX_LIBRARY = "libc++";
				CLANG_ENABLE_MODULES = YES;
				CLANG_ENABLE_OBJC_ARC = YES;
				CLANG_ENABLE_OBJC_WEAK = YES;
				CLANG_WARN_BLOCK_CAPTURE_AUTORELEASING = YES;
				CLANG_WARN_BOOL_CONVERSION = YES;
				CLANG_WARN_COMMA = YES;
				CLANG_WARN_CONSTANT_CONVERSION = YES;
				CLANG_WARN_DEPRECATED_OBJC_IMPLEMENTATIONS = YES;
				CLANG_WARN_DIRECT_OBJC_ISA_USAGE = YES_ERROR;
				CLANG_WARN_DOCUMENTATION_COMMENTS = YES;
				CLANG_WARN_EMPTY_BODY = YES;
				CLANG_WARN_ENUM_CONVERSION = YES;
				CLANG_WARN_INFINITE_RECURSION = YES;
				CLANG_WARN_INT_CONVERSION = YES;
				CLANG_WARN_NON_LITERAL_NULL_CONVERSION = YES;
				CLANG_WARN_OBJC_IMPLICIT_RETAIN_SELF = YES;
				CLANG_WARN_OBJC_LITERAL_CONVERSION = YES;
				CLANG_WARN_OBJC_ROOT_CLASS = YES_ERROR;
				CLANG_WARN_RANGE_LOOP_ANALYSIS = YES;
				CLANG_WARN_STRICT_PROTOTYPES = YES;
				CLANG_WARN_SUSPICIOUS_MOVE = YES;
				CLANG_WARN_UNGUARDED_AVAILABILITY = YES_AGGRESSIVE;
				CLANG_WARN_UNREACHABLE_CODE = YES;
				CLANG_WARN__DUPLICATE_METHOD_MATCH = YES;
				COPY_PHASE_STRIP = NO;
				DEBUG_INFORMATION_FORMAT = "dwarf-with-dsym";
				ENABLE_STRICT_OBJC_MSGSEND = YES;
				ENABLE_TESTABILITY = YES;
				GCC_C_LANGUAGE_STANDARD = gnu11;
				GCC_DYNAMIC_NO_PIC = NO;
				GCC_NO_COMMON_BLOCKS = YES;
				GCC_OPTIMIZATION_LEVEL = 0;
				GCC_PREPROCESSOR_DEFINITIONS = (
					"DEBUG=1",
					"$(inherited)",
				);
				GCC_WARN_64_TO_32_BIT_CONVERSION = YES;
				GCC_WARN_ABOUT_RETURN_TYPE = YES_ERROR;
				GCC_WARN_UNDECLARED_SELECTOR = YES;
				GCC_WARN_UNINITIALIZED_AUTOS = YES_AGGRESSIVE;
				GCC_WARN_UNUSED_FUNCTION = YES;
				GCC_WARN_UNUSED_VARIABLE = YES;
				IPHONEOS_DEPLOYMENT_TARGET = 13.2;
				MTL_ENABLE_DEBUG_INFO = INCLUDE_SOURCE;
				MTL_FAST_MATH = YES;
				ONLY_ACTIVE_ARCH = YES;
				SDKROOT = iphoneos;
				SWIFT_ACTIVE_COMPILATION_CONDITIONS = DEBUG;
				SWIFT_OPTIMIZATION_LEVEL = "-Onone";
			};
			name = Debug;
		};
		7555FFA4242A565B00829871 /* Release */ = {
			isa = XCBuildConfiguration;
			buildSettings = {
				ALWAYS_SEARCH_USER_PATHS = NO;
				CLANG_ANALYZER_NONNULL = YES;
				CLANG_ANALYZER_NUMBER_OBJECT_CONVERSION = YES_AGGRESSIVE;
				CLANG_CXX_LANGUAGE_STANDARD = "gnu++14";
				CLANG_CXX_LIBRARY = "libc++";
				CLANG_ENABLE_MODULES = YES;
				CLANG_ENABLE_OBJC_ARC = YES;
				CLANG_ENABLE_OBJC_WEAK = YES;
				CLANG_WARN_BLOCK_CAPTURE_AUTORELEASING = YES;
				CLANG_WARN_BOOL_CONVERSION = YES;
				CLANG_WARN_COMMA = YES;
				CLANG_WARN_CONSTANT_CONVERSION = YES;
				CLANG_WARN_DEPRECATED_OBJC_IMPLEMENTATIONS = YES;
				CLANG_WARN_DIRECT_OBJC_ISA_USAGE = YES_ERROR;
				CLANG_WARN_DOCUMENTATION_COMMENTS = YES;
				CLANG_WARN_EMPTY_BODY = YES;
				CLANG_WARN_ENUM_CONVERSION = YES;
				CLANG_WARN_INFINITE_RECURSION = YES;
				CLANG_WARN_INT_CONVERSION = YES;
				CLANG_WARN_NON_LITERAL_NULL_CONVERSION = YES;
				CLANG_WARN_OBJC_IMPLICIT_RETAIN_SELF = YES;
				CLANG_WARN_OBJC_LITERAL_CONVERSION = YES;
				CLANG_WARN_OBJC_ROOT_CLASS = YES_ERROR;
				CLANG_WARN_RANGE_LOOP_ANALYSIS = YES;
				CLANG_WARN_STRICT_PROTOTYPES = YES;
				CLANG_WARN_SUSPICIOUS_MOVE = YES;
				CLANG_WARN_UNGUARDED_AVAILABILITY = YES_AGGRESSIVE;
				CLANG_WARN_UNREACHABLE_CODE = YES;
				CLANG_WARN__DUPLICATE_METHOD_MATCH = YES;
				COPY_PHASE_STRIP = NO;
				DEBUG_INFORMATION_FORMAT = "dwarf-with-dsym";
				ENABLE_NS_ASSERTIONS = NO;
				ENABLE_STRICT_OBJC_MSGSEND = YES;
				GCC_C_LANGUAGE_STANDARD = gnu11;
				GCC_NO_COMMON_BLOCKS = YES;
				GCC_WARN_64_TO_32_BIT_CONVERSION = YES;
				GCC_WARN_ABOUT_RETURN_TYPE = YES_ERROR;
				GCC_WARN_UNDECLARED_SELECTOR = YES;
				GCC_WARN_UNINITIALIZED_AUTOS = YES_AGGRESSIVE;
				GCC_WARN_UNUSED_FUNCTION = YES;
				GCC_WARN_UNUSED_VARIABLE = YES;
				IPHONEOS_DEPLOYMENT_TARGET = 13.2;
				MTL_ENABLE_DEBUG_INFO = NO;
				MTL_FAST_MATH = YES;
				SDKROOT = iphoneos;
				SWIFT_COMPILATION_MODE = wholemodule;
				SWIFT_OPTIMIZATION_LEVEL = "-O";
				VALIDATE_PRODUCT = YES;
			};
			name = Release;
		};
		7555FFA6242A565B00829871 /* Debug */ = {
			isa = XCBuildConfiguration;
			buildSettings = {
				ASSETCATALOG_COMPILER_APPICON_NAME = AppIcon;
				CODE_SIGN_STYLE = Automatic;
				CURRENT_PROJECT_VERSION = 1.0.15;
				DEVELOPMENT_ASSET_PATHS = "\"iosApp/Preview Content\"";
				DEVELOPMENT_TEAM = VT9SJH7UKQ;
				ENABLE_PREVIEWS = YES;
				FRAMEWORK_SEARCH_PATHS = (
					"$(SRCROOT)/../shared/build/xcode-frameworks",
					"\"${PROJECT_DIR}/../shared/build/xcode-frameworks\"/**",
				);
				INFOPLIST_FILE = iosApp/Info.plist;
				LD_RUNPATH_SEARCH_PATHS = (
					"$(inherited)",
					"@executable_path/Frameworks",
				);
				MARKETING_VERSION = 1.0.1;
				PRODUCT_BUNDLE_IDENTIFIER = com.sixbynine.civ3guide.ios;
				PRODUCT_NAME = "$(TARGET_NAME)";
				SWIFT_VERSION = 5.0;
				TARGETED_DEVICE_FAMILY = "1,2";
			};
			name = Debug;
		};
		7555FFA7242A565B00829871 /* Release */ = {
			isa = XCBuildConfiguration;
			buildSettings = {
				ASSETCATALOG_COMPILER_APPICON_NAME = AppIcon;
				CODE_SIGN_STYLE = Automatic;
				CURRENT_PROJECT_VERSION = 1.0.15;
				DEVELOPMENT_ASSET_PATHS = "\"iosApp/Preview Content\"";
				DEVELOPMENT_TEAM = VT9SJH7UKQ;
				ENABLE_PREVIEWS = YES;
				FRAMEWORK_SEARCH_PATHS = (
					"$(SRCROOT)/../shared/build/xcode-frameworks",
					"\"${PROJECT_DIR}/../shared/build/xcode-frameworks\"/**",
				);
				INFOPLIST_FILE = iosApp/Info.plist;
				LD_RUNPATH_SEARCH_PATHS = (
					"$(inherited)",
					"@executable_path/Frameworks",
				);
				MARKETING_VERSION = 1.0.1;
				PRODUCT_BUNDLE_IDENTIFIER = com.sixbynine.civ3guide.ios;
				PRODUCT_NAME = "$(TARGET_NAME)";
				SWIFT_VERSION = 5.0;
				TARGETED_DEVICE_FAMILY = "1,2";
			};
			name = Release;
		};
		7555FFA9242A565B00829871 /* Debug */ = {
			isa = XCBuildConfiguration;
			buildSettings = {
				ALWAYS_EMBED_SWIFT_STANDARD_LIBRARIES = YES;
				BUNDLE_LOADER = "$(TEST_HOST)";
				CODE_SIGN_STYLE = Automatic;
				INFOPLIST_FILE = iosAppTests/Info.plist;
				IPHONEOS_DEPLOYMENT_TARGET = 13.2;
				LD_RUNPATH_SEARCH_PATHS = (
					"$(inherited)",
					"@executable_path/Frameworks",
					"@loader_path/Frameworks",
				);
				PRODUCT_BUNDLE_IDENTIFIER = orgIdentifier.iosAppTests;
				PRODUCT_NAME = "$(TARGET_NAME)";
				SWIFT_VERSION = 5.0;
				TARGETED_DEVICE_FAMILY = "1,2";
				TEST_HOST = "$(BUILT_PRODUCTS_DIR)/civ3guide.app/civ3guide";
			};
			name = Debug;
		};
		7555FFAA242A565B00829871 /* Release */ = {
			isa = XCBuildConfiguration;
			buildSettings = {
				ALWAYS_EMBED_SWIFT_STANDARD_LIBRARIES = YES;
				BUNDLE_LOADER = "$(TEST_HOST)";
				CODE_SIGN_STYLE = Automatic;
				INFOPLIST_FILE = iosAppTests/Info.plist;
				IPHONEOS_DEPLOYMENT_TARGET = 13.2;
				LD_RUNPATH_SEARCH_PATHS = (
					"$(inherited)",
					"@executable_path/Frameworks",
					"@loader_path/Frameworks",
				);
				PRODUCT_BUNDLE_IDENTIFIER = orgIdentifier.iosAppTests;
				PRODUCT_NAME = "$(TARGET_NAME)";
				SWIFT_VERSION = 5.0;
				TARGETED_DEVICE_FAMILY = "1,2";
				TEST_HOST = "$(BUILT_PRODUCTS_DIR)/civ3guide.app/civ3guide";
			};
			name = Release;
		};
		7555FFAC242A565B00829871 /* Debug */ = {
			isa = XCBuildConfiguration;
			buildSettings = {
				ALWAYS_EMBED_SWIFT_STANDARD_LIBRARIES = YES;
				CODE_SIGN_STYLE = Automatic;
				INFOPLIST_FILE = iosAppUITests/Info.plist;
				LD_RUNPATH_SEARCH_PATHS = (
					"$(inherited)",
					"@executable_path/Frameworks",
					"@loader_path/Frameworks",
				);
				PRODUCT_BUNDLE_IDENTIFIER = orgIdentifier.iosAppUITests;
				PRODUCT_NAME = "$(TARGET_NAME)";
				SWIFT_VERSION = 5.0;
				TARGETED_DEVICE_FAMILY = "1,2";
				TEST_TARGET_NAME = iosApp;
			};
			name = Debug;
		};
		7555FFAD242A565B00829871 /* Release */ = {
			isa = XCBuildConfiguration;
			buildSettings = {
				ALWAYS_EMBED_SWIFT_STANDARD_LIBRARIES = YES;
				CODE_SIGN_STYLE = Automatic;
				INFOPLIST_FILE = iosAppUITests/Info.plist;
				LD_RUNPATH_SEARCH_PATHS = (
					"$(inherited)",
					"@executable_path/Frameworks",
					"@loader_path/Frameworks",
				);
				PRODUCT_BUNDLE_IDENTIFIER = orgIdentifier.iosAppUITests;
				PRODUCT_NAME = "$(TARGET_NAME)";
				SWIFT_VERSION = 5.0;
				TARGETED_DEVICE_FAMILY = "1,2";
				TEST_TARGET_NAME = iosApp;
			};
			name = Release;
		};
/* End XCBuildConfiguration section */

/* Begin XCConfigurationList section */
		7555FF76242A565900829871 /* Build configuration list for PBXProject "civ3guide" */ = {
			isa = XCConfigurationList;
			buildConfigurations = (
				7555FFA3242A565B00829871 /* Debug */,
				7555FFA4242A565B00829871 /* Release */,
			);
			defaultConfigurationIsVisible = 0;
			defaultConfigurationName = Release;
		};
		7555FFA5242A565B00829871 /* Build configuration list for PBXNativeTarget "Sidvisor" */ = {
			isa = XCConfigurationList;
			buildConfigurations = (
				7555FFA6242A565B00829871 /* Debug */,
				7555FFA7242A565B00829871 /* Release */,
			);
			defaultConfigurationIsVisible = 0;
			defaultConfigurationName = Release;
		};
		7555FFA8242A565B00829871 /* Build configuration list for PBXNativeTarget "civ3guideTests" */ = {
			isa = XCConfigurationList;
			buildConfigurations = (
				7555FFA9242A565B00829871 /* Debug */,
				7555FFAA242A565B00829871 /* Release */,
			);
			defaultConfigurationIsVisible = 0;
			defaultConfigurationName = Release;
		};
		7555FFAB242A565B00829871 /* Build configuration list for PBXNativeTarget "civ3guideUITests" */ = {
			isa = XCConfigurationList;
			buildConfigurations = (
				7555FFAC242A565B00829871 /* Debug */,
				7555FFAD242A565B00829871 /* Release */,
			);
			defaultConfigurationIsVisible = 0;
			defaultConfigurationName = Release;
		};
/* End XCConfigurationList section */
	};
	rootObject = 7555FF73242A565900829871 /* Project object */;
}
